
Microsoft Visual Studio Solution File, Format Version 12.00
# Visual Studio Version 17
VisualStudioVersion = 17.7.34031.279
MinimumVisualStudioVersion = 10.0.40219.1
Project("{9A19103F-16F7-4668-BE54-9A1E7A4F7556}") = "QWCModelTool", "QWCModelTool.csproj", "{2D5E3B0D-B787-479D-ADD3-588F5B50337C}"
EndProject
Global
	GlobalSection(SolutionConfigurationPlatforms) = preSolution
		Debug|Any CPU = Debug|Any CPU
		Release|Any CPU = Release|Any CPU
	EndGlobalSection
	GlobalSection(ProjectConfigurationPlatforms) = postSolution
		{2D5E3B0D-B787-479D-ADD3-588F5B50337C}.Debug|Any CPU.ActiveCfg = Debug|Any CPU
		{2D5E3B0D-B787-479D-ADD3-588F5B50337C}.Debug|Any CPU.Build.0 = Debug|Any CPU
		{2D5E3B0D-B787-479D-ADD3-588F5B50337C}.Release|Any CPU.ActiveCfg = Release|Any CPU
		{2D5E3B0D-B787-479D-ADD3-588F5B50337C}.Release|Any CPU.Build.0 = Release|Any CPU
	EndGlobalSection
	GlobalSection(SolutionProperties) = preSolution
		HideSolutionNode = FALSE
	EndGlobalSection
	GlobalSection(ExtensibilityGlobals) = postSolution
		SolutionGuid = {85BDB8D3-F895-4D19-B4A3-9107429095DC}
	EndGlobalSection
EndGlobal
